
Microsoft Visual Studio Solution File, Format Version 12.00
# Visual Studio Version 17
VisualStudioVersion = 17.4.33205.214
MinimumVisualStudioVersion = 10.0.40219.1
Project("{FAE04EC0-301F-11D3-BF4B-00C04F79EFBC}") = "Practices", "Practices\Practices.csproj", "{0984990A-1789-4B59-8E64-4E38A8FA675A}"
EndProject
Project("{FAE04EC0-301F-11D3-BF4B-00C04F79EFBC}") = "Practices.Tests", "Practices.Tests\Practices.Tests.csproj", "{492248CC-F42A-4FB3-927E-291A43137702}"
	ProjectSection(ProjectDependencies) = postProject
		{0984990A-1789-4B59-8E64-4E38A8FA675A} = {0984990A-1789-4B59-8E64-4E38A8FA675A}
	EndProjectSection
EndProject
Global
	GlobalSection(SolutionConfigurationPlatforms) = preSolution
		Debug|Any CPU = Debug|Any CPU
		Release|Any CPU = Release|Any CPU
	EndGlobalSection
	GlobalSection(ProjectConfigurationPlatforms) = postSolution
		{0984990A-1789-4B59-8E64-4E38A8FA675A}.Debug|Any CPU.ActiveCfg = Debug|Any CPU
		{0984990A-1789-4B59-8E64-4E38A8FA675A}.Debug|Any CPU.Build.0 = Debug|Any CPU
		{0984990A-1789-4B59-8E64-4E38A8FA675A}.Release|Any CPU.ActiveCfg = Release|Any CPU
		{0984990A-1789-4B59-8E64-4E38A8FA675A}.Release|Any CPU.Build.0 = Release|Any CPU
		{492248CC-F42A-4FB3-927E-291A43137702}.Debug|Any CPU.ActiveCfg = Debug|Any CPU
		{492248CC-F42A-4FB3-927E-291A43137702}.Debug|Any CPU.Build.0 = Debug|Any CPU
		{492248CC-F42A-4FB3-927E-291A43137702}.Release|Any CPU.ActiveCfg = Release|Any CPU
		{492248CC-F42A-4FB3-927E-291A43137702}.Release|Any CPU.Build.0 = Release|Any CPU
	EndGlobalSection
	GlobalSection(SolutionProperties) = preSolution
		HideSolutionNode = FALSE
	EndGlobalSection
	GlobalSection(ExtensibilityGlobals) = postSolution
		SolutionGuid = {C8F89AAA-0F87-48FF-BEE1-878418289C53}
	EndGlobalSection
EndGlobal
